
Microsoft Visual Studio Solution File, Format Version 12.00
# Visual Studio 15
VisualStudioVersion = 15.0.27703.2047
MinimumVisualStudioVersion = 10.0.40219.1
Project("{FAE04EC0-301F-11D3-BF4B-00C04F79EFBC}") = "RPG", "RPG\RPG.csproj", "{54AD9399-EB22-4C65-B40E-35FAAE8F48D1}"
EndProject
Global
	GlobalSection(SolutionConfigurationPlatforms) = preSolution
		Debug|Any CPU = Debug|Any CPU
		Release|Any CPU = Release|Any CPU
	EndGlobalSection
	GlobalSection(ProjectConfigurationPlatforms) = postSolution
		{54AD9399-EB22-4C65-B40E-35FAAE8F48D1}.Debug|Any CPU.ActiveCfg = Debug|Any CPU
		{54AD9399-EB22-4C65-B40E-35FAAE8F48D1}.Debug|Any CPU.Build.0 = Debug|Any CPU
		{54AD9399-EB22-4C65-B40E-35FAAE8F48D1}.Release|Any CPU.ActiveCfg = Release|Any CPU
		{54AD9399-EB22-4C65-B40E-35FAAE8F48D1}.Release|Any CPU.Build.0 = Release|Any CPU
	EndGlobalSection
	GlobalSection(SolutionProperties) = preSolution
		HideSolutionNode = FALSE
	EndGlobalSection
	GlobalSection(ExtensibilityGlobals) = postSolution
		SolutionGuid = {460C32E4-3911-4904-A65C-C74F7359EC4D}
	EndGlobalSection
EndGlobal
